
Microsoft Visual Studio Solution File, Format Version 12.00
# Visual Studio Version 17
VisualStudioVersion = 17.5.2.0
MinimumVisualStudioVersion = 10.0.40219.1
Project("{FAE04EC0-301F-11D3-BF4B-00C04F79EFBC}") = "KhoaHocOnline.API", "KhoaHocOnline.API\KhoaHocOnline.API.csproj", "{0B994BD5-7C6A-78BF-C4AB-1608A2355915}"
EndProject
Project("{FAE04EC0-301F-11D3-BF4B-00C04F79EFBC}") = "KhoaHocOnline.WebInstructor", "KhoaHocOnline.WebInstructor\KhoaHocOnline.WebInstructor.csproj", "{C8BC4B7E-13C4-4016-BAA6-6C6BDA29379B}"
EndProject
Global
	GlobalSection(SolutionConfigurationPlatforms) = preSolution
		Debug|Any CPU = Debug|Any CPU
		Debug|x64 = Debug|x64
		Debug|x86 = Debug|x86
		Release|Any CPU = Release|Any CPU
		Release|x64 = Release|x64
		Release|x86 = Release|x86
	EndGlobalSection
	GlobalSection(ProjectConfigurationPlatforms) = postSolution
		{0B994BD5-7C6A-78BF-C4AB-1608A2355915}.Debug|Any CPU.ActiveCfg = Debug|Any CPU
		{0B994BD5-7C6A-78BF-C4AB-1608A2355915}.Debug|Any CPU.Build.0 = Debug|Any CPU
		{0B994BD5-7C6A-78BF-C4AB-1608A2355915}.Debug|x64.ActiveCfg = Debug|Any CPU
		{0B994BD5-7C6A-78BF-C4AB-1608A2355915}.Debug|x64.Build.0 = Debug|Any CPU
		{0B994BD5-7C6A-78BF-C4AB-1608A2355915}.Debug|x86.ActiveCfg = Debug|Any CPU
		{0B994BD5-7C6A-78BF-C4AB-1608A2355915}.Debug|x86.Build.0 = Debug|Any CPU
		{0B994BD5-7C6A-78BF-C4AB-1608A2355915}.Release|Any CPU.ActiveCfg = Release|Any CPU
		{0B994BD5-7C6A-78BF-C4AB-1608A2355915}.Release|Any CPU.Build.0 = Release|Any CPU
		{0B994BD5-7C6A-78BF-C4AB-1608A2355915}.Release|x64.ActiveCfg = Release|Any CPU
		{0B994BD5-7C6A-78BF-C4AB-1608A2355915}.Release|x64.Build.0 = Release|Any CPU
		{0B994BD5-7C6A-78BF-C4AB-1608A2355915}.Release|x86.ActiveCfg = Release|Any CPU
		{0B994BD5-7C6A-78BF-C4AB-1608A2355915}.Release|x86.Build.0 = Release|Any CPU
		{C8BC4B7E-13C4-4016-BAA6-6C6BDA29379B}.Debug|Any CPU.ActiveCfg = Debug|Any CPU
		{C8BC4B7E-13C4-4016-BAA6-6C6BDA29379B}.Debug|Any CPU.Build.0 = Debug|Any CPU
		{C8BC4B7E-13C4-4016-BAA6-6C6BDA29379B}.Debug|x64.ActiveCfg = Debug|Any CPU
		{C8BC4B7E-13C4-4016-BAA6-6C6BDA29379B}.Debug|x64.Build.0 = Debug|Any CPU
		{C8BC4B7E-13C4-4016-BAA6-6C6BDA29379B}.Debug|x86.ActiveCfg = Debug|Any CPU
		{C8BC4B7E-13C4-4016-BAA6-6C6BDA29379B}.Debug|x86.Build.0 = Debug|Any CPU
		{C8BC4B7E-13C4-4016-BAA6-6C6BDA29379B}.Release|Any CPU.ActiveCfg = Release|Any CPU
		{C8BC4B7E-13C4-4016-BAA6-6C6BDA29379B}.Release|Any CPU.Build.0 = Release|Any CPU
		{C8BC4B7E-13C4-4016-BAA6-6C6BDA29379B}.Release|x64.ActiveCfg = Release|Any CPU
		{C8BC4B7E-13C4-4016-BAA6-6C6BDA29379B}.Release|x64.Build.0 = Release|Any CPU
		{C8BC4B7E-13C4-4016-BAA6-6C6BDA29379B}.Release|x86.ActiveCfg = Release|Any CPU
		{C8BC4B7E-13C4-4016-BAA6-6C6BDA29379B}.Release|x86.Build.0 = Release|Any CPU
	EndGlobalSection
	GlobalSection(SolutionProperties) = preSolution
		HideSolutionNode = FALSE
	EndGlobalSection
	GlobalSection(ExtensibilityGlobals) = postSolution
		SolutionGuid = {F45BC9FA-F891-406F-BF26-B40D6624FAB8}
	EndGlobalSection
EndGlobal
